
Microsoft Visual Studio Solution File, Format Version 12.00
# Visual Studio Version 16
VisualStudioVersion = 16.0.31911.196
MinimumVisualStudioVersion = 10.0.40219.1
Project("{2150E333-8FDC-42A3-9474-1A3956D46DE8}") = "Service", "Service", "{04D08C64-F250-41C7-88E6-3DBB410BCDE0}"
EndProject
Project("{2150E333-8FDC-42A3-9474-1A3956D46DE8}") = "Catalog", "Catalog", "{44C0E915-F1D0-4545-9DE4-D8E5B2320960}"
EndProject
Project("{9A19103F-16F7-4668-BE54-9A1E7A4F7556}") = "Catalog.Api", "Service\Catalog\Catalog.Api\Catalog.Api.csproj", "{0C9F878A-7236-4546-9FCC-7FA0AE3469C4}"
EndProject
Project("{E53339B2-1760-4266-BCC7-CA923CBCF16C}") = "docker-compose", "docker-compose.dcproj", "{E52F449A-69F2-486F-9403-20CAD891BC81}"
EndProject
Project("{2150E333-8FDC-42A3-9474-1A3956D46DE8}") = "Basket", "Basket", "{9443E5CE-D321-4543-828A-21DB43CA6625}"
EndProject
Project("{9A19103F-16F7-4668-BE54-9A1E7A4F7556}") = "Basket.Api", "Service\Basket\Basket.Api\Basket.Api.csproj", "{A05A3D83-2E06-480F-810E-F05ADF0AB31E}"
EndProject
Project("{2150E333-8FDC-42A3-9474-1A3956D46DE8}") = "Discount", "Discount", "{B05479FB-27DE-4525-8084-2A4A7204BB49}"
EndProject
Project("{9A19103F-16F7-4668-BE54-9A1E7A4F7556}") = "Discount.Api", "Service\Discount\Discount.Api\Discount.Api.csproj", "{ADCB5A0F-F355-4611-87A0-C9DFEE302153}"
EndProject
Project("{9A19103F-16F7-4668-BE54-9A1E7A4F7556}") = "Discount.Grpc", "Service\Discount\Discount.Grpc\Discount.Grpc.csproj", "{A74ED5CD-1C47-4C71-97E7-CE96F3A9DA64}"
EndProject
Project("{2150E333-8FDC-42A3-9474-1A3956D46DE8}") = "Ordering", "Ordering", "{16E3D30A-8F29-4410-B017-53E08319F613}"
EndProject
Project("{9A19103F-16F7-4668-BE54-9A1E7A4F7556}") = "Ordering.Api", "Service\Ordering\Ordering.Api\Ordering.Api.csproj", "{B968E0D6-FCF4-420E-807F-81CB1A01798B}"
EndProject
Project("{9A19103F-16F7-4668-BE54-9A1E7A4F7556}") = "Ordering.Domain", "Service\Ordering\Ordering.Domain\Ordering.Domain.csproj", "{8F6D2FB2-BE3F-4E6D-9D69-5BF17F9A4F32}"
EndProject
Project("{9A19103F-16F7-4668-BE54-9A1E7A4F7556}") = "Ordering.Application", "Service\Ordering\Ordering.Application\Ordering.Application.csproj", "{9B60A85A-03AF-419F-8D67-848DEC5A09C4}"
EndProject
Project("{9A19103F-16F7-4668-BE54-9A1E7A4F7556}") = "Ordering.Infrastructure", "Service\Ordering\Ordering.Infrastructure\Ordering.Infrastructure.csproj", "{9032C10E-DDE9-4304-8740-C54F93AA7915}"
EndProject
Project("{2150E333-8FDC-42A3-9474-1A3956D46DE8}") = "BuildingBlocks", "BuildingBlocks", "{24D0659D-5BE0-4ED8-88E3-4A7F3806D3C6}"
EndProject
Project("{9A19103F-16F7-4668-BE54-9A1E7A4F7556}") = "EventBus.Messages", "BuildingBlocks\EventBus.Messages\EventBus.Messages.csproj", "{9CDAE6AD-4C20-4015-879C-BDED0C64B1D0}"
EndProject
Project("{2150E333-8FDC-42A3-9474-1A3956D46DE8}") = "ApiGateway", "ApiGateway", "{E4B3C23A-B459-403F-B1C6-990632063679}"
EndProject
Project("{9A19103F-16F7-4668-BE54-9A1E7A4F7556}") = "OcelotApiGw", "ApiGateway\OcelotApiGw\OcelotApiGw.csproj", "{CB79A270-F436-4E20-82E4-13A826D56506}"
EndProject
Project("{9A19103F-16F7-4668-BE54-9A1E7A4F7556}") = "Shopping.Aggregator", "ApiGateway\Shopping.Aggregator\Shopping.Aggregator.csproj", "{D4684FC9-D9D4-4F63-A461-682ABF76D641}"
EndProject
Project("{2150E333-8FDC-42A3-9474-1A3956D46DE8}") = "Webapps", "Webapps", "{CBFC5338-4EAD-4677-96E8-E5A88EDCDDE7}"
EndProject
Project("{9A19103F-16F7-4668-BE54-9A1E7A4F7556}") = "AspnetRunBasics", "Webapps\AspnetRunBasics\AspnetRunBasics.csproj", "{9F94126D-A5A3-4E8D-94AC-18EB45BF6494}"
EndProject
Global
	GlobalSection(SolutionConfigurationPlatforms) = preSolution
		Debug|Any CPU = Debug|Any CPU
		Release|Any CPU = Release|Any CPU
	EndGlobalSection
	GlobalSection(ProjectConfigurationPlatforms) = postSolution
		{0C9F878A-7236-4546-9FCC-7FA0AE3469C4}.Debug|Any CPU.ActiveCfg = Debug|Any CPU
		{0C9F878A-7236-4546-9FCC-7FA0AE3469C4}.Debug|Any CPU.Build.0 = Debug|Any CPU
		{0C9F878A-7236-4546-9FCC-7FA0AE3469C4}.Release|Any CPU.ActiveCfg = Release|Any CPU
		{0C9F878A-7236-4546-9FCC-7FA0AE3469C4}.Release|Any CPU.Build.0 = Release|Any CPU
		{E52F449A-69F2-486F-9403-20CAD891BC81}.Debug|Any CPU.ActiveCfg = Debug|Any CPU
		{E52F449A-69F2-486F-9403-20CAD891BC81}.Debug|Any CPU.Build.0 = Debug|Any CPU
		{E52F449A-69F2-486F-9403-20CAD891BC81}.Release|Any CPU.ActiveCfg = Release|Any CPU
		{E52F449A-69F2-486F-9403-20CAD891BC81}.Release|Any CPU.Build.0 = Release|Any CPU
		{A05A3D83-2E06-480F-810E-F05ADF0AB31E}.Debug|Any CPU.ActiveCfg = Debug|Any CPU
		{A05A3D83-2E06-480F-810E-F05ADF0AB31E}.Debug|Any CPU.Build.0 = Debug|Any CPU
		{A05A3D83-2E06-480F-810E-F05ADF0AB31E}.Release|Any CPU.ActiveCfg = Release|Any CPU
		{A05A3D83-2E06-480F-810E-F05ADF0AB31E}.Release|Any CPU.Build.0 = Release|Any CPU
		{ADCB5A0F-F355-4611-87A0-C9DFEE302153}.Debug|Any CPU.ActiveCfg = Debug|Any CPU
		{ADCB5A0F-F355-4611-87A0-C9DFEE302153}.Debug|Any CPU.Build.0 = Debug|Any CPU
		{ADCB5A0F-F355-4611-87A0-C9DFEE302153}.Release|Any CPU.ActiveCfg = Release|Any CPU
		{ADCB5A0F-F355-4611-87A0-C9DFEE302153}.Release|Any CPU.Build.0 = Release|Any CPU
		{A74ED5CD-1C47-4C71-97E7-CE96F3A9DA64}.Debug|Any CPU.ActiveCfg = Debug|Any CPU
		{A74ED5CD-1C47-4C71-97E7-CE96F3A9DA64}.Debug|Any CPU.Build.0 = Debug|Any CPU
		{A74ED5CD-1C47-4C71-97E7-CE96F3A9DA64}.Release|Any CPU.ActiveCfg = Release|Any CPU
		{A74ED5CD-1C47-4C71-97E7-CE96F3A9DA64}.Release|Any CPU.Build.0 = Release|Any CPU
		{B968E0D6-FCF4-420E-807F-81CB1A01798B}.Debug|Any CPU.ActiveCfg = Debug|Any CPU
		{B968E0D6-FCF4-420E-807F-81CB1A01798B}.Debug|Any CPU.Build.0 = Debug|Any CPU
		{B968E0D6-FCF4-420E-807F-81CB1A01798B}.Release|Any CPU.ActiveCfg = Release|Any CPU
		{B968E0D6-FCF4-420E-807F-81CB1A01798B}.Release|Any CPU.Build.0 = Release|Any CPU
		{8F6D2FB2-BE3F-4E6D-9D69-5BF17F9A4F32}.Debug|Any CPU.ActiveCfg = Debug|Any CPU
		{8F6D2FB2-BE3F-4E6D-9D69-5BF17F9A4F32}.Debug|Any CPU.Build.0 = Debug|Any CPU
		{8F6D2FB2-BE3F-4E6D-9D69-5BF17F9A4F32}.Release|Any CPU.ActiveCfg = Release|Any CPU
		{8F6D2FB2-BE3F-4E6D-9D69-5BF17F9A4F32}.Release|Any CPU.Build.0 = Release|Any CPU
		{9B60A85A-03AF-419F-8D67-848DEC5A09C4}.Debug|Any CPU.ActiveCfg = Debug|Any CPU
		{9B60A85A-03AF-419F-8D67-848DEC5A09C4}.Debug|Any CPU.Build.0 = Debug|Any CPU
		{9B60A85A-03AF-419F-8D67-848DEC5A09C4}.Release|Any CPU.ActiveCfg = Release|Any CPU
		{9B60A85A-03AF-419F-8D67-848DEC5A09C4}.Release|Any CPU.Build.0 = Release|Any CPU
		{9032C10E-DDE9-4304-8740-C54F93AA7915}.Debug|Any CPU.ActiveCfg = Debug|Any CPU
		{9032C10E-DDE9-4304-8740-C54F93AA7915}.Debug|Any CPU.Build.0 = Debug|Any CPU
		{9032C10E-DDE9-4304-8740-C54F93AA7915}.Release|Any CPU.ActiveCfg = Release|Any CPU
		{9032C10E-DDE9-4304-8740-C54F93AA7915}.Release|Any CPU.Build.0 = Release|Any CPU
		{9CDAE6AD-4C20-4015-879C-BDED0C64B1D0}.Debug|Any CPU.ActiveCfg = Debug|Any CPU
		{9CDAE6AD-4C20-4015-879C-BDED0C64B1D0}.Debug|Any CPU.Build.0 = Debug|Any CPU
		{9CDAE6AD-4C20-4015-879C-BDED0C64B1D0}.Release|Any CPU.ActiveCfg = Release|Any CPU
		{9CDAE6AD-4C20-4015-879C-BDED0C64B1D0}.Release|Any CPU.Build.0 = Release|Any CPU
		{CB79A270-F436-4E20-82E4-13A826D56506}.Debug|Any CPU.ActiveCfg = Debug|Any CPU
		{CB79A270-F436-4E20-82E4-13A826D56506}.Debug|Any CPU.Build.0 = Debug|Any CPU
		{CB79A270-F436-4E20-82E4-13A826D56506}.Release|Any CPU.ActiveCfg = Release|Any CPU
		{CB79A270-F436-4E20-82E4-13A826D56506}.Release|Any CPU.Build.0 = Release|Any CPU
		{D4684FC9-D9D4-4F63-A461-682ABF76D641}.Debug|Any CPU.ActiveCfg = Debug|Any CPU
		{D4684FC9-D9D4-4F63-A461-682ABF76D641}.Debug|Any CPU.Build.0 = Debug|Any CPU
		{D4684FC9-D9D4-4F63-A461-682ABF76D641}.Release|Any CPU.ActiveCfg = Release|Any CPU
		{D4684FC9-D9D4-4F63-A461-682ABF76D641}.Release|Any CPU.Build.0 = Release|Any CPU
		{9F94126D-A5A3-4E8D-94AC-18EB45BF6494}.Debug|Any CPU.ActiveCfg = Debug|Any CPU
		{9F94126D-A5A3-4E8D-94AC-18EB45BF6494}.Debug|Any CPU.Build.0 = Debug|Any CPU
		{9F94126D-A5A3-4E8D-94AC-18EB45BF6494}.Release|Any CPU.ActiveCfg = Release|Any CPU
		{9F94126D-A5A3-4E8D-94AC-18EB45BF6494}.Release|Any CPU.Build.0 = Release|Any CPU
	EndGlobalSection
	GlobalSection(SolutionProperties) = preSolution
		HideSolutionNode = FALSE
	EndGlobalSection
	GlobalSection(NestedProjects) = preSolution
		{44C0E915-F1D0-4545-9DE4-D8E5B2320960} = {04D08C64-F250-41C7-88E6-3DBB410BCDE0}
		{0C9F878A-7236-4546-9FCC-7FA0AE3469C4} = {44C0E915-F1D0-4545-9DE4-D8E5B2320960}
		{9443E5CE-D321-4543-828A-21DB43CA6625} = {04D08C64-F250-41C7-88E6-3DBB410BCDE0}
		{A05A3D83-2E06-480F-810E-F05ADF0AB31E} = {9443E5CE-D321-4543-828A-21DB43CA6625}
		{B05479FB-27DE-4525-8084-2A4A7204BB49} = {04D08C64-F250-41C7-88E6-3DBB410BCDE0}
		{ADCB5A0F-F355-4611-87A0-C9DFEE302153} = {B05479FB-27DE-4525-8084-2A4A7204BB49}
		{A74ED5CD-1C47-4C71-97E7-CE96F3A9DA64} = {B05479FB-27DE-4525-8084-2A4A7204BB49}
		{16E3D30A-8F29-4410-B017-53E08319F613} = {04D08C64-F250-41C7-88E6-3DBB410BCDE0}
		{B968E0D6-FCF4-420E-807F-81CB1A01798B} = {16E3D30A-8F29-4410-B017-53E08319F613}
		{8F6D2FB2-BE3F-4E6D-9D69-5BF17F9A4F32} = {16E3D30A-8F29-4410-B017-53E08319F613}
		{9B60A85A-03AF-419F-8D67-848DEC5A09C4} = {16E3D30A-8F29-4410-B017-53E08319F613}
		{9032C10E-DDE9-4304-8740-C54F93AA7915} = {16E3D30A-8F29-4410-B017-53E08319F613}
		{9CDAE6AD-4C20-4015-879C-BDED0C64B1D0} = {24D0659D-5BE0-4ED8-88E3-4A7F3806D3C6}
		{CB79A270-F436-4E20-82E4-13A826D56506} = {E4B3C23A-B459-403F-B1C6-990632063679}
		{D4684FC9-D9D4-4F63-A461-682ABF76D641} = {E4B3C23A-B459-403F-B1C6-990632063679}
		{9F94126D-A5A3-4E8D-94AC-18EB45BF6494} = {CBFC5338-4EAD-4677-96E8-E5A88EDCDDE7}
	EndGlobalSection
	GlobalSection(ExtensibilityGlobals) = postSolution
		SolutionGuid = {2CEDB82D-803D-46F5-8CF2-2DECA72B42D5}
	EndGlobalSection
EndGlobal
